
Microsoft Visual Studio Solution File, Format Version 12.00
# Visual Studio 15
VisualStudioVersion = 15.0.27130.2027
MinimumVisualStudioVersion = 10.0.40219.1
Project("{888888A0-9F3D-457C-B088-3A5042F75D52}") = "wechat_auto_jump", "wechat_auto_jump.pyproj", "{EB40F4C3-A3E2-4F73-9BB2-89F2614684B9}"
EndProject
Global
	GlobalSection(SolutionConfigurationPlatforms) = preSolution
		Debug|Any CPU = Debug|Any CPU
		Release|Any CPU = Release|Any CPU
	EndGlobalSection
	GlobalSection(ProjectConfigurationPlatforms) = postSolution
		{EB40F4C3-A3E2-4F73-9BB2-89F2614684B9}.Debug|Any CPU.ActiveCfg = Debug|Any CPU
		{EB40F4C3-A3E2-4F73-9BB2-89F2614684B9}.Release|Any CPU.ActiveCfg = Release|Any CPU
	EndGlobalSection
	GlobalSection(SolutionProperties) = preSolution
		HideSolutionNode = FALSE
	EndGlobalSection
	GlobalSection(ExtensibilityGlobals) = postSolution
		SolutionGuid = {A651A12B-4A44-442E-B091-6429AA277290}
	EndGlobalSection
EndGlobal
